// !$*UTF8*$!
{
	archiveVersion = 1;
	classes = {
	};
	objectVersion = 46;
	objects = {

/* Begin PBXBuildFile section */
		AAD5EC691B9E348A006A67E3 /* main.m in Sources */ = {isa = PBXBuildFile; fileRef = AAD5EC681B9E348A006A67E3 /* main.m */; };
		AAD5EC6C1B9E348A006A67E3 /* AppDelegate.m in Sources */ = {isa = PBXBuildFile; fileRef = AAD5EC6B1B9E348A006A67E3 /* AppDelegate.m */; };
		AAD5EC6F1B9E348A006A67E3 /* ViewController.m in Sources */ = {isa = PBXBuildFile; fileRef = AAD5EC6E1B9E348A006A67E3 /* ViewController.m */; };
		AAD5EC721B9E348A006A67E3 /* Main.storyboard in Resources */ = {isa = PBXBuildFile; fileRef = AAD5EC701B9E348A006A67E3 /* Main.storyboard */; };
		AAD5EC741B9E348A006A67E3 /* Images.xcassets in Resources */ = {isa = PBXBuildFile; fileRef = AAD5EC731B9E348A006A67E3 /* Images.xcassets */; };
		AAD5EC771B9E348A006A67E3 /* LaunchScreen.xib in Resources */ = {isa = PBXBuildFile; fileRef = AAD5EC751B9E348A006A67E3 /* LaunchScreen.xib */; };
		AAD5EC831B9E348A006A67E3 /* ScrollViewImageGalleriesTests.m in Sources */ = {isa = PBXBuildFile; fileRef = AAD5EC821B9E348A006A67E3 /* ScrollViewImageGalleriesTests.m */; };
		AAD5EC8F1B9E34D2006A67E3 /* Lighthouse-in-Field.jpg in Resources */ = {isa = PBXBuildFile; fileRef = AAD5EC8C1B9E34D2006A67E3 /* Lighthouse-in-Field.jpg */; };
		AAD5EC901B9E34D2006A67E3 /* Lighthouse-night.jpg in Resources */ = {isa = PBXBuildFile; fileRef = AAD5EC8D1B9E34D2006A67E3 /* Lighthouse-night.jpg */; };
		AAD5EC911B9E34D2006A67E3 /* Lighthouse.jpg in Resources */ = {isa = PBXBuildFile; fileRef = AAD5EC8E1B9E34D2006A67E3 /* Lighthouse.jpg */; };
		AAD5EC941B9E529D006A67E3 /* DetailViewController.m in Sources */ = {isa = PBXBuildFile; fileRef = AAD5EC931B9E529D006A67E3 /* DetailViewController.m */; };
/* End PBXBuildFile section */

/* Begin PBXContainerItemProxy section */
		AAD5EC7D1B9E348A006A67E3 /* PBXContainerItemProxy */ = {
			isa = PBXContainerItemProxy;
			containerPortal = AAD5EC5B1B9E348A006A67E3 /* Project object */;
			proxyType = 1;
			remoteGlobalIDString = AAD5EC621B9E348A006A67E3;
			remoteInfo = ScrollViewImageGalleries;
		};
/* End PBXContainerItemProxy section */

/* Begin PBXFileReference section */
		AAD5EC631B9E348A006A67E3 /* ScrollViewImageGalleries.app */ = {isa = PBXFileReference; explicitFileType = wrapper.application; includeInIndex = 0; path = ScrollViewImageGalleries.app; sourceTree = BUILT_PRODUCTS_DIR; };
		AAD5EC671B9E348A006A67E3 /* Info.plist */ = {isa = PBXFileReference; lastKnownFileType = text.plist.xml; path = Info.plist; sourceTree = "<group>"; };
		AAD5EC681B9E348A006A67E3 /* main.m */ = {isa = PBXFileReference; lastKnownFileType = sourcecode.c.objc; path = main.m; sourceTree = "<group>"; };
		AAD5EC6A1B9E348A006A67E3 /* AppDelegate.h */ = {isa = PBXFileReference; lastKnownFileType = sourcecode.c.h; path = AppDelegate.h; sourceTree = "<group>"; };
		AAD5EC6B1B9E348A006A67E3 /* AppDelegate.m */ = {isa = PBXFileReference; lastKnownFileType = sourcecode.c.objc; path = AppDelegate.m; sourceTree = "<group>"; };
		AAD5EC6D1B9E348A006A67E3 /* ViewController.h */ = {isa = PBXFileReference; lastKnownFileType = sourcecode.c.h; path = ViewController.h; sourceTree = "<group>"; };
		AAD5EC6E1B9E348A006A67E3 /* ViewController.m */ = {isa = PBXFileReference; lastKnownFileType = sourcecode.c.objc; path = ViewController.m; sourceTree = "<group>"; };
		AAD5EC711B9E348A006A67E3 /* Base */ = {isa = PBXFileReference; lastKnownFileType = file.storyboard; name = Base; path = Base.lproj/Main.storyboard; sourceTree = "<group>"; };
		AAD5EC731B9E348A006A67E3 /* Images.xcassets */ = {isa = PBXFileReference; lastKnownFileType = folder.assetcatalog; path = Images.xcassets; sourceTree = "<group>"; };
		AAD5EC761B9E348A006A67E3 /* Base */ = {isa = PBXFileReference; lastKnownFileType = file.xib; name = Base; path = Base.lproj/LaunchScreen.xib; sourceTree = "<group>"; };
		AAD5EC7C1B9E348A006A67E3 /* ScrollViewImageGalleriesTests.xctest */ = {isa = PBXFileReference; explicitFileType = wrapper.cfbundle; includeInIndex = 0; path = ScrollViewImageGalleriesTests.xctest; sourceTree = BUILT_PRODUCTS_DIR; };
		AAD5EC811B9E348A006A67E3 /* Info.plist */ = {isa = PBXFileReference; lastKnownFileType = text.plist.xml; path = Info.plist; sourceTree = "<group>"; };
		AAD5EC821B9E348A006A67E3 /* ScrollViewImageGalleriesTests.m */ = {isa = PBXFileReference; lastKnownFileType = sourcecode.c.objc; path = ScrollViewImageGalleriesTests.m; sourceTree = "<group>"; };
		AAD5EC8C1B9E34D2006A67E3 /* Lighthouse-in-Field.jpg */ = {isa = PBXFileReference; lastKnownFileType = image.jpeg; path = "Lighthouse-in-Field.jpg"; sourceTree = "<group>"; };
		AAD5EC8D1B9E34D2006A67E3 /* Lighthouse-night.jpg */ = {isa = PBXFileReference; lastKnownFileType = image.jpeg; path = "Lighthouse-night.jpg"; sourceTree = "<group>"; };
		AAD5EC8E1B9E34D2006A67E3 /* Lighthouse.jpg */ = {isa = PBXFileReference; lastKnownFileType = image.jpeg; path = Lighthouse.jpg; sourceTree = "<group>"; };
		AAD5EC921B9E529D006A67E3 /* DetailViewController.h */ = {isa = PBXFileReference; fileEncoding = 4; lastKnownFileType = sourcecode.c.h; path = DetailViewController.h; sourceTree = "<group>"; };
		AAD5EC931B9E529D006A67E3 /* DetailViewController.m */ = {isa = PBXFileReference; fileEncoding = 4; lastKnownFileType = sourcecode.c.objc; path = DetailViewController.m; sourceTree = "<group>"; };
/* End PBXFileReference section */

/* Begin PBXFrameworksBuildPhase section */
		AAD5EC601B9E348A006A67E3 /* Frameworks */ = {
			isa = PBXFrameworksBuildPhase;
			buildActionMask = 2147483647;
			files = (
			);
			runOnlyForDeploymentPostprocessing = 0;
		};
		AAD5EC791B9E348A006A67E3 /* Frameworks */ = {
			isa = PBXFrameworksBuildPhase;
			buildActionMask = 2147483647;
			files = (
			);
			runOnlyForDeploymentPostprocessing = 0;
		};
/* End PBXFrameworksBuildPhase section */

/* Begin PBXGroup section */
		AAD5EC5A1B9E348A006A67E3 = {
			isa = PBXGroup;
			children = (
				AAD5EC651B9E348A006A67E3 /* ScrollViewImageGalleries */,
				AAD5EC7F1B9E348A006A67E3 /* ScrollViewImageGalleriesTests */,
				AAD5EC641B9E348A006A67E3 /* Products */,
			);
			sourceTree = "<group>";
		};
		AAD5EC641B9E348A006A67E3 /* Products */ = {
			isa = PBXGroup;
			children = (
				AAD5EC631B9E348A006A67E3 /* ScrollViewImageGalleries.app */,
				AAD5EC7C1B9E348A006A67E3 /* ScrollViewImageGalleriesTests.xctest */,
			);
			name = Products;
			sourceTree = "<group>";
		};
		AAD5EC651B9E348A006A67E3 /* ScrollViewImageGalleries */ = {
			isa = PBXGroup;
			children = (
				AAD5EC6A1B9E348A006A67E3 /* AppDelegate.h */,
				AAD5EC6B1B9E348A006A67E3 /* AppDelegate.m */,
				AAD5EC6D1B9E348A006A67E3 /* ViewController.h */,
				AAD5EC6E1B9E348A006A67E3 /* ViewController.m */,
				AAD5EC701B9E348A006A67E3 /* Main.storyboard */,
				AAD5EC921B9E529D006A67E3 /* DetailViewController.h */,
				AAD5EC931B9E529D006A67E3 /* DetailViewController.m */,
				AAD5EC731B9E348A006A67E3 /* Images.xcassets */,
				AAD5EC8C1B9E34D2006A67E3 /* Lighthouse-in-Field.jpg */,
				AAD5EC8D1B9E34D2006A67E3 /* Lighthouse-night.jpg */,
				AAD5EC8E1B9E34D2006A67E3 /* Lighthouse.jpg */,
				AAD5EC751B9E348A006A67E3 /* LaunchScreen.xib */,
				AAD5EC661B9E348A006A67E3 /* Supporting Files */,
			);
			path = ScrollViewImageGalleries;
			sourceTree = "<group>";
		};
		AAD5EC661B9E348A006A67E3 /* Supporting Files */ = {
			isa = PBXGroup;
			children = (
				AAD5EC671B9E348A006A67E3 /* Info.plist */,
				AAD5EC681B9E348A006A67E3 /* main.m */,
			);
			name = "Supporting Files";
			sourceTree = "<group>";
		};
		AAD5EC7F1B9E348A006A67E3 /* ScrollViewImageGalleriesTests */ = {
			isa = PBXGroup;
			children = (
				AAD5EC821B9E348A006A67E3 /* ScrollViewImageGalleriesTests.m */,
				AAD5EC801B9E348A006A67E3 /* Supporting Files */,
			);
			path = ScrollViewImageGalleriesTests;
			sourceTree = "<group>";
		};
		AAD5EC801B9E348A006A67E3 /* Supporting Files */ = {
			isa = PBXGroup;
			children = (
				AAD5EC811B9E348A006A67E3 /* Info.plist */,
			);
			name = "Supporting Files";
			sourceTree = "<group>";
		};
/* End PBXGroup section */

/* Begin PBXNativeTarget section */
		AAD5EC621B9E348A006A67E3 /* ScrollViewImageGalleries */ = {
			isa = PBXNativeTarget;
			buildConfigurationList = AAD5EC861B9E348A006A67E3 /* Build configuration list for PBXNativeTarget "ScrollViewImageGalleries" */;
			buildPhases = (
				AAD5EC5F1B9E348A006A67E3 /* Sources */,
				AAD5EC601B9E348A006A67E3 /* Frameworks */,
				AAD5EC611B9E348A006A67E3 /* Resources */,
			);
			buildRules = (
			);
			dependencies = (
			);
			name = ScrollViewImageGalleries;
			productName = ScrollViewImageGalleries;
			productReference = AAD5EC631B9E348A006A67E3 /* ScrollViewImageGalleries.app */;
			productType = "com.apple.product-type.application";
		};
		AAD5EC7B1B9E348A006A67E3 /* ScrollViewImageGalleriesTests */ = {
			isa = PBXNativeTarget;
			buildConfigurationList = AAD5EC891B9E348A006A67E3 /* Build configuration list for PBXNativeTarget "ScrollViewImageGalleriesTests" */;
			buildPhases = (
				AAD5EC781B9E348A006A67E3 /* Sources */,
				AAD5EC791B9E348A006A67E3 /* Frameworks */,
				AAD5EC7A1B9E348A006A67E3 /* Resources */,
			);
			buildRules = (
			);
			dependencies = (
				AAD5EC7E1B9E348A006A67E3 /* PBXTargetDependency */,
			);
			name = ScrollViewImageGalleriesTests;
			productName = ScrollViewImageGalleriesTests;
			productReference = AAD5EC7C1B9E348A006A67E3 /* ScrollViewImageGalleriesTests.xctest */;
			productType = "com.apple.product-type.bundle.unit-test";
		};
/* End PBXNativeTarget section */

/* Begin PBXProject section */
		AAD5EC5B1B9E348A006A67E3 /* Project object */ = {
			isa = PBXProject;
			attributes = {
				LastUpgradeCheck = 0640;
				ORGANIZATIONNAME = Steve;
				TargetAttributes = {
					AAD5EC621B9E348A006A67E3 = {
						CreatedOnToolsVersion = 6.4;
					};
					AAD5EC7B1B9E348A006A67E3 = {
						CreatedOnToolsVersion = 6.4;
						TestTargetID = AAD5EC621B9E348A006A67E3;
					};
				};
			};
			buildConfigurationList = AAD5EC5E1B9E348A006A67E3 /* Build configuration list for PBXProject "ScrollViewImageGalleries" */;
			compatibilityVersion = "Xcode 3.2";
			developmentRegion = English;
			hasScannedForEncodings = 0;
			knownRegions = (
				en,
				Base,
			);
			mainGroup = AAD5EC5A1B9E348A006A67E3;
			productRefGroup = AAD5EC641B9E348A006A67E3 /* Products */;
			projectDirPath = "";
			projectRoot = "";
			targets = (
				AAD5EC621B9E348A006A67E3 /* ScrollViewImageGalleries */,
				AAD5EC7B1B9E348A006A67E3 /* ScrollViewImageGalleriesTests */,
			);
		};
/* End PBXProject section */

/* Begin PBXResourcesBuildPhase section */
		AAD5EC611B9E348A006A67E3 /* Resources */ = {
			isa = PBXResourcesBuildPhase;
			buildActionMask = 2147483647;
			files = (
				AAD5EC721B9E348A006A67E3 /* Main.storyboard in Resources */,
				AAD5EC771B9E348A006A67E3 /* LaunchScreen.xib in Resources */,
				AAD5EC901B9E34D2006A67E3 /* Lighthouse-night.jpg in Resources */,
				AAD5EC911B9E34D2006A67E3 /* Lighthouse.jpg in Resources */,
				AAD5EC741B9E348A006A67E3 /* Images.xcassets in Resources */,
				AAD5EC8F1B9E34D2006A67E3 /* Lighthouse-in-Field.jpg in Resources */,
			);
			runOnlyForDeploymentPostprocessing = 0;
		};
		AAD5EC7A1B9E348A006A67E3 /* Resources */ = {
			isa = PBXResourcesBuildPhase;
			buildActionMask = 2147483647;
			files = (
			);
			runOnlyForDeploymentPostprocessing = 0;
		};
/* End PBXResourcesBuildPhase section */

/* Begin PBXSourcesBuildPhase section */
		AAD5EC5F1B9E348A006A67E3 /* Sources */ = {
			isa = PBXSourcesBuildPhase;
			buildActionMask = 2147483647;
			files = (
				AAD5EC6F1B9E348A006A67E3 /* ViewController.m in Sources */,
				AAD5EC6C1B9E348A006A67E3 /* AppDelegate.m in Sources */,
				AAD5EC691B9E348A006A67E3 /* main.m in Sources */,
				AAD5EC941B9E529D006A67E3 /* DetailViewController.m in Sources */,
			);
			runOnlyForDeploymentPostprocessing = 0;
		};
		AAD5EC781B9E348A006A67E3 /* Sources */ = {
			isa = PBXSourcesBuildPhase;
			buildActionMask = 2147483647;
			files = (
				AAD5EC831B9E348A006A67E3 /* ScrollViewImageGalleriesTests.m in Sources */,
			);
			runOnlyForDeploymentPostprocessing = 0;
		};
/* End PBXSourcesBuildPhase section */

/* Begin PBXTargetDependency section */
		AAD5EC7E1B9E348A006A67E3 /* PBXTargetDependency */ = {
			isa = PBXTargetDependency;
			target = AAD5EC621B9E348A006A67E3 /* ScrollViewImageGalleries */;
			targetProxy = AAD5EC7D1B9E348A006A67E3 /* PBXContainerItemProxy */;
		};
/* End PBXTargetDependency section */

/* Begin PBXVariantGroup section */
		AAD5EC701B9E348A006A67E3 /* Main.storyboard */ = {
			isa = PBXVariantGroup;
			children = (
				AAD5EC711B9E348A006A67E3 /* Base */,
			);
			name = Main.storyboard;
			sourceTree = "<group>";
		};
		AAD5EC751B9E348A006A67E3 /* LaunchScreen.xib */ = {
			isa = PBXVariantGroup;
			children = (
				AAD5EC761B9E348A006A67E3 /* Base */,
			);
			name = LaunchScreen.xib;
			sourceTree = "<group>";
		};
/* End PBXVariantGroup section */

/* Begin XCBuildConfiguration section */
		AAD5EC841B9E348A006A67E3 /* Debug */ = {
			isa = XCBuildConfiguration;
			buildSettings = {
				ALWAYS_SEARCH_USER_PATHS = NO;
				CLANG_CXX_LANGUAGE_STANDARD = "gnu++0x";
				CLANG_CXX_LIBRARY = "libc++";
				CLANG_ENABLE_MODULES = YES;
				CLANG_ENABLE_OBJC_ARC = YES;
				CLANG_WARN_BOOL_CONVERSION = YES;
				CLANG_WARN_CONSTANT_CONVERSION = YES;
				CLANG_WARN_DIRECT_OBJC_ISA_USAGE = YES_ERROR;
				CLANG_WARN_EMPTY_BODY = YES;
				CLANG_WARN_ENUM_CONVERSION = YES;
				CLANG_WARN_INT_CONVERSION = YES;
				CLANG_WARN_OBJC_ROOT_CLASS = YES_ERROR;
				CLANG_WARN_UNREACHABLE_CODE = YES;
				CLANG_WARN__DUPLICATE_METHOD_MATCH = YES;
				"CODE_SIGN_IDENTITY[sdk=iphoneos*]" = "iPhone Developer";
				COPY_PHASE_STRIP = NO;
				DEBUG_INFORMATION_FORMAT = "dwarf-with-dsym";
				ENABLE_STRICT_OBJC_MSGSEND = YES;
				GCC_C_LANGUAGE_STANDARD = gnu99;
				GCC_DYNAMIC_NO_PIC = NO;
				GCC_NO_COMMON_BLOCKS = YES;
				GCC_OPTIMIZATION_LEVEL = 0;
				GCC_PREPROCESSOR_DEFINITIONS = (
					"DEBUG=1",
					"$(inherited)",
				);
				GCC_SYMBOLS_PRIVATE_EXTERN = NO;
				GCC_WARN_64_TO_32_BIT_CONVERSION = YES;
				GCC_WARN_ABOUT_RETURN_TYPE = YES_ERROR;
				GCC_WARN_UNDECLARED_SELECTOR = YES;
				GCC_WARN_UNINITIALIZED_AUTOS = YES_AGGRESSIVE;
				GCC_WARN_UNUSED_FUNCTION = YES;
				GCC_WARN_UNUSED_VARIABLE = YES;
				IPHONEOS_DEPLOYMENT_TARGET = 8.4;
				MTL_ENABLE_DEBUG_INFO = YES;
				ONLY_ACTIVE_ARCH = YES;
				SDKROOT = iphoneos;
			};
			name = Debug;
		};
		AAD5EC851B9E348A006A67E3 /* Release */ = {
			isa = XCBuildConfiguration;
			buildSettings = {
				ALWAYS_SEARCH_USER_PATHS = NO;
				CLANG_CXX_LANGUAGE_STANDARD = "gnu++0x";
				CLANG_CXX_LIBRARY = "libc++";
				CLANG_ENABLE_MODULES = YES;
				CLANG_ENABLE_OBJC_ARC = YES;
				CLANG_WARN_BOOL_CONVERSION = YES;
				CLANG_WARN_CONSTANT_CONVERSION = YES;
				CLANG_WARN_DIRECT_OBJC_ISA_USAGE = YES_ERROR;
				CLANG_WARN_EMPTY_BODY = YES;
				CLANG_WARN_ENUM_CONVERSION = YES;
				CLANG_WARN_INT_CONVERSION = YES;
				CLANG_WARN_OBJC_ROOT_CLASS = YES_ERROR;
				CLANG_WARN_UNREACHABLE_CODE = YES;
				CLANG_WARN__DUPLICATE_METHOD_MATCH = YES;
				"CODE_SIGN_IDENTITY[sdk=iphoneos*]" = "iPhone Developer";
				COPY_PHASE_STRIP = NO;
				DEBUG_INFORMATION_FORMAT = "dwarf-with-dsym";
				ENABLE_NS_ASSERTIONS = NO;
				ENABLE_STRICT_OBJC_MSGSEND = YES;
				GCC_C_LANGUAGE_STANDARD = gnu99;
				GCC_NO_COMMON_BLOCKS = YES;
				GCC_WARN_64_TO_32_BIT_CONVERSION = YES;
				GCC_WARN_ABOUT_RETURN_TYPE = YES_ERROR;
				GCC_WARN_UNDECLARED_SELECTOR = YES;
				GCC_WARN_UNINITIALIZED_AUTOS = YES_AGGRESSIVE;
				GCC_WARN_UNUSED_FUNCTION = YES;
				GCC_WARN_UNUSED_VARIABLE = YES;
				IPHONEOS_DEPLOYMENT_TARGET = 8.4;
				MTL_ENABLE_DEBUG_INFO = NO;
				SDKROOT = iphoneos;
				VALIDATE_PRODUCT = YES;
			};
			name = Release;
		};
		AAD5EC871B9E348A006A67E3 /* Debug */ = {
			isa = XCBuildConfiguration;
			buildSettings = {
				ASSETCATALOG_COMPILER_APPICON_NAME = AppIcon;
				INFOPLIST_FILE = ScrollViewImageGalleries/Info.plist;
				LD_RUNPATH_SEARCH_PATHS = "$(inherited) @executable_path/Frameworks";
				PRODUCT_NAME = "$(TARGET_NAME)";
			};
			name = Debug;
		};
		AAD5EC881B9E348A006A67E3 /* Release */ = {
			isa = XCBuildConfiguration;
			buildSettings = {
				ASSETCATALOG_COMPILER_APPICON_NAME = AppIcon;
				INFOPLIST_FILE = ScrollViewImageGalleries/Info.plist;
				LD_RUNPATH_SEARCH_PATHS = "$(inherited) @executable_path/Frameworks";
				PRODUCT_NAME = "$(TARGET_NAME)";
			};
			name = Release;
		};
		AAD5EC8A1B9E348A006A67E3 /* Debug */ = {
			isa = XCBuildConfiguration;
			buildSettings = {
				BUNDLE_LOADER = "$(TEST_HOST)";
				FRAMEWORK_SEARCH_PATHS = (
					"$(SDKROOT)/Developer/Library/Frameworks",
					"$(inherited)",
				);
				GCC_PREPROCESSOR_DEFINITIONS = (
					"DEBUG=1",
					"$(inherited)",
				);
				INFOPLIST_FILE = ScrollViewImageGalleriesTests/Info.plist;
				LD_RUNPATH_SEARCH_PATHS = "$(inherited) @executable_path/Frameworks @loader_path/Frameworks";
				PRODUCT_NAME = "$(TARGET_NAME)";
				TEST_HOST = "$(BUILT_PRODUCTS_DIR)/ScrollViewImageGalleries.app/ScrollViewImageGalleries";
			};
			name = Debug;
		};
		AAD5EC8B1B9E348A006A67E3 /* Release */ = {
			isa = XCBuildConfiguration;
			buildSettings = {
				BUNDLE_LOADER = "$(TEST_HOST)";
				FRAMEWORK_SEARCH_PATHS = (
					"$(SDKROOT)/Developer/Library/Frameworks",
					"$(inherited)",
				);
				INFOPLIST_FILE = ScrollViewImageGalleriesTests/Info.plist;
				LD_RUNPATH_SEARCH_PATHS = "$(inherited) @executable_path/Frameworks @loader_path/Frameworks";
				PRODUCT_NAME = "$(TARGET_NAME)";
				TEST_HOST = "$(BUILT_PRODUCTS_DIR)/ScrollViewImageGalleries.app/ScrollViewImageGalleries";
			};
			name = Release;
		};
/* End XCBuildConfiguration section */

/* Begin XCConfigurationList section */
		AAD5EC5E1B9E348A006A67E3 /* Build configuration list for PBXProject "ScrollViewImageGalleries" */ = {
			isa = XCConfigurationList;
			buildConfigurations = (
				AAD5EC841B9E348A006A67E3 /* Debug */,
				AAD5EC851B9E348A006A67E3 /* Release */,
			);
			defaultConfigurationIsVisible = 0;
			defaultConfigurationName = Release;
		};
		AAD5EC861B9E348A006A67E3 /* Build configuration list for PBXNativeTarget "ScrollViewImageGalleries" */ = {
			isa = XCConfigurationList;
			buildConfigurations = (
				AAD5EC871B9E348A006A67E3 /* Debug */,
				AAD5EC881B9E348A006A67E3 /* Release */,
			);
			defaultConfigurationIsVisible = 0;
		};
		AAD5EC891B9E348A006A67E3 /* Build configuration list for PBXNativeTarget "ScrollViewImageGalleriesTests" */ = {
			isa = XCConfigurationList;
			buildConfigurations = (
				AAD5EC8A1B9E348A006A67E3 /* Debug */,
				AAD5EC8B1B9E348A006A67E3 /* Release */,
			);
			defaultConfigurationIsVisible = 0;
		};
/* End XCConfigurationList section */
	};
	rootObject = AAD5EC5B1B9E348A006A67E3 /* Project object */;
}
